
Microsoft Visual Studio Solution File, Format Version 12.00
# Visual Studio Version 16
VisualStudioVersion = 16.0.28803.452
MinimumVisualStudioVersion = 10.0.40219.1
Project("{8BC9CEB8-8B4A-11D0-8D11-00A0C91BC942}") = "Black Jack Game", "Black Jack Game\Black Jack Game.vcxproj", "{F317AB4F-33F9-44FD-B6AB-5146A697236B}"
EndProject
Global
	GlobalSection(SolutionConfigurationPlatforms) = preSolution
		Debug|x64 = Debug|x64
		Debug|x86 = Debug|x86
		Release|x64 = Release|x64
		Release|x86 = Release|x86
	EndGlobalSection
	GlobalSection(ProjectConfigurationPlatforms) = postSolution
		{F317AB4F-33F9-44FD-B6AB-5146A697236B}.Debug|x64.ActiveCfg = Debug|x64
		{F317AB4F-33F9-44FD-B6AB-5146A697236B}.Debug|x64.Build.0 = Debug|x64
		{F317AB4F-33F9-44FD-B6AB-5146A697236B}.Debug|x86.ActiveCfg = Debug|Win32
		{F317AB4F-33F9-44FD-B6AB-5146A697236B}.Debug|x86.Build.0 = Debug|Win32
		{F317AB4F-33F9-44FD-B6AB-5146A697236B}.Release|x64.ActiveCfg = Release|x64
		{F317AB4F-33F9-44FD-B6AB-5146A697236B}.Release|x64.Build.0 = Release|x64
		{F317AB4F-33F9-44FD-B6AB-5146A697236B}.Release|x86.ActiveCfg = Release|Win32
		{F317AB4F-33F9-44FD-B6AB-5146A697236B}.Release|x86.Build.0 = Release|Win32
	EndGlobalSection
	GlobalSection(SolutionProperties) = preSolution
		HideSolutionNode = FALSE
	EndGlobalSection
	GlobalSection(ExtensibilityGlobals) = postSolution
		SolutionGuid = {2E79EE0A-319A-4A08-84CE-12E82FA411AC}
	EndGlobalSection
EndGlobal
